Microsoft Visual Studio Solution File, Format Version 12.00
# Visual Studio 2012
Project("{FAE04EC0-301F-11D3-BF4B-00C04F79EFBC}") = "ArithmeticCoding", ".\ArithmeticCoding\ArithmeticCoding.csproj", "{F83C9F43-103C-4873-8D03-AB8141DD86DE}"
EndProject
Project("{FAE04EC0-301F-11D3-BF4B-00C04F79EFBC}") = "Entropy", ".\Entropy\Entropy.csproj", "{DD5EC23D-0B85-49C0-BF67-E1C79387027B}"
EndProject
Project("{FAE04EC0-301F-11D3-BF4B-00C04F79EFBC}") = "Huffman1", ".\Huffman1\Huffman1.csproj", "{86FAA770-808B-44FA-A20F-66FFD182E5AD}"
EndProject
Project("{FAE04EC0-301F-11D3-BF4B-00C04F79EFBC}") = "Huffman2", ".\Huffman2\Huffman2.csproj", "{AF061138-459C-4811-92B8-5EBEE1FAD7ED}"
EndProject
Project("{FAE04EC0-301F-11D3-BF4B-00C04F79EFBC}") = "Huffman3", ".\Huffman3\Huffman3.csproj", "{A63E3759-2C9A-4392-8A64-34FCA2225771}"
EndProject
Project("{FAE04EC0-301F-11D3-BF4B-00C04F79EFBC}") = "LempelZiwWelch", ".\LempelZiwWelch\LempelZiwWelch.csproj", "{5994EFC1-CCA6-416D-BF3C-E2C7FB3D2AD7}"
EndProject
Project("{FAE04EC0-301F-11D3-BF4B-00C04F79EFBC}") = "LinearPredictionCoding", ".\LinearPredictionCoding\LinearPredictionCoding.csproj", "{94203CC3-8473-43B2-A2C1-7978706813AF}"
EndProject
Global
	GlobalSection(SolutionConfigurationPlatforms) = preSolution
		Debug|Any CPU = Debug|Any CPU
		Release|Any CPU = Release|Any CPU
	EndGlobalSection
	GlobalSection(ProjectConfigurationPlatforms) = postSolution
        {F83C9F43-103C-4873-8D03-AB8141DD86DE}.Debug|Any CPU.ActiveCfg = Debug|Any CPU
		{F83C9F43-103C-4873-8D03-AB8141DD86DE}.Debug|Any CPU.Build.0 = Debug|Any CPU
		{F83C9F43-103C-4873-8D03-AB8141DD86DE}.Release|Any CPU.ActiveCfg = Release|Any CPU
		{F83C9F43-103C-4873-8D03-AB8141DD86DE}.Release|Any CPU.Build.0 = Release|Any CPU
        {DD5EC23D-0B85-49C0-BF67-E1C79387027B}.Debug|Any CPU.ActiveCfg = Debug|Any CPU
		{DD5EC23D-0B85-49C0-BF67-E1C79387027B}.Debug|Any CPU.Build.0 = Debug|Any CPU
		{DD5EC23D-0B85-49C0-BF67-E1C79387027B}.Release|Any CPU.ActiveCfg = Release|Any CPU
		{DD5EC23D-0B85-49C0-BF67-E1C79387027B}.Release|Any CPU.Build.0 = Release|Any CPU
        {86FAA770-808B-44FA-A20F-66FFD182E5AD}.Debug|Any CPU.ActiveCfg = Debug|Any CPU
		{86FAA770-808B-44FA-A20F-66FFD182E5AD}.Debug|Any CPU.Build.0 = Debug|Any CPU
		{86FAA770-808B-44FA-A20F-66FFD182E5AD}.Release|Any CPU.ActiveCfg = Release|Any CPU
		{86FAA770-808B-44FA-A20F-66FFD182E5AD}.Release|Any CPU.Build.0 = Release|Any CPU
        {AF061138-459C-4811-92B8-5EBEE1FAD7ED}.Debug|Any CPU.ActiveCfg = Debug|Any CPU
		{AF061138-459C-4811-92B8-5EBEE1FAD7ED}.Debug|Any CPU.Build.0 = Debug|Any CPU
		{AF061138-459C-4811-92B8-5EBEE1FAD7ED}.Release|Any CPU.ActiveCfg = Release|Any CPU
		{AF061138-459C-4811-92B8-5EBEE1FAD7ED}.Release|Any CPU.Build.0 = Release|Any CPU
        {A63E3759-2C9A-4392-8A64-34FCA2225771}.Debug|Any CPU.ActiveCfg = Debug|Any CPU
		{A63E3759-2C9A-4392-8A64-34FCA2225771}.Debug|Any CPU.Build.0 = Debug|Any CPU
		{A63E3759-2C9A-4392-8A64-34FCA2225771}.Release|Any CPU.ActiveCfg = Release|Any CPU
		{A63E3759-2C9A-4392-8A64-34FCA2225771}.Release|Any CPU.Build.0 = Release|Any CPU
        {5994EFC1-CCA6-416D-BF3C-E2C7FB3D2AD7}.Debug|Any CPU.ActiveCfg = Debug|Any CPU
		{5994EFC1-CCA6-416D-BF3C-E2C7FB3D2AD7}.Debug|Any CPU.Build.0 = Debug|Any CPU
		{5994EFC1-CCA6-416D-BF3C-E2C7FB3D2AD7}.Release|Any CPU.ActiveCfg = Release|Any CPU
		{5994EFC1-CCA6-416D-BF3C-E2C7FB3D2AD7}.Release|Any CPU.Build.0 = Release|Any CPU
        {94203CC3-8473-43B2-A2C1-7978706813AF}.Debug|Any CPU.ActiveCfg = Debug|Any CPU
		{94203CC3-8473-43B2-A2C1-7978706813AF}.Debug|Any CPU.Build.0 = Debug|Any CPU
		{94203CC3-8473-43B2-A2C1-7978706813AF}.Release|Any CPU.ActiveCfg = Release|Any CPU
		{94203CC3-8473-43B2-A2C1-7978706813AF}.Release|Any CPU.Build.0 = Release|Any CPU
    EndGlobalSection
	GlobalSection(SolutionProperties) = preSolution
		HideSolutionNode = FALSE
	EndGlobalSection
EndGlobal
