
Microsoft Visual Studio Solution File, Format Version 12.00
# Visual Studio 2012
Project("{FAE04EC0-301F-11D3-BF4B-00C04F79EFBC}") = "Stack", "Stack\Stack.csproj", "{7746A637-F5B5-4F7F-B015-34BF325EAC51}"
EndProject
Project("{FAE04EC0-301F-11D3-BF4B-00C04F79EFBC}") = "Queue", "Queue\Queue.csproj", "{574AC9DD-CFFA-422D-AB17-317AD1A35DFF}"
EndProject
Project("{FAE04EC0-301F-11D3-BF4B-00C04F79EFBC}") = "LinkedList", "LinkedList\LinkedList.csproj", "{2D5E9F52-6D4D-4F38-A6D8-304B50ACA51F}"
EndProject
Project("{FAE04EC0-301F-11D3-BF4B-00C04F79EFBC}") = "HashTable", "HashTable\HashTable.csproj", "{52D02D43-31C0-4804-ACB3-467EA36C6B79}"
EndProject
Project("{FAE04EC0-301F-11D3-BF4B-00C04F79EFBC}") = "BinaryTree", "BinaryTree\BinaryTree.csproj", "{198F520C-DB28-489B-B01F-7561C5511A96}"
EndProject
Global
	GlobalSection(SolutionConfigurationPlatforms) = preSolution
		Debug|Any CPU = Debug|Any CPU
		Release|Any CPU = Release|Any CPU
	EndGlobalSection
	GlobalSection(ProjectConfigurationPlatforms) = postSolution
		{7746A637-F5B5-4F7F-B015-34BF325EAC51}.Debug|Any CPU.ActiveCfg = Debug|Any CPU
		{7746A637-F5B5-4F7F-B015-34BF325EAC51}.Debug|Any CPU.Build.0 = Debug|Any CPU
		{7746A637-F5B5-4F7F-B015-34BF325EAC51}.Release|Any CPU.ActiveCfg = Release|Any CPU
		{7746A637-F5B5-4F7F-B015-34BF325EAC51}.Release|Any CPU.Build.0 = Release|Any CPU
		{574AC9DD-CFFA-422D-AB17-317AD1A35DFF}.Debug|Any CPU.ActiveCfg = Debug|Any CPU
		{574AC9DD-CFFA-422D-AB17-317AD1A35DFF}.Debug|Any CPU.Build.0 = Debug|Any CPU
		{574AC9DD-CFFA-422D-AB17-317AD1A35DFF}.Release|Any CPU.ActiveCfg = Release|Any CPU
		{574AC9DD-CFFA-422D-AB17-317AD1A35DFF}.Release|Any CPU.Build.0 = Release|Any CPU
		{2D5E9F52-6D4D-4F38-A6D8-304B50ACA51F}.Debug|Any CPU.ActiveCfg = Debug|Any CPU
		{2D5E9F52-6D4D-4F38-A6D8-304B50ACA51F}.Debug|Any CPU.Build.0 = Debug|Any CPU
		{2D5E9F52-6D4D-4F38-A6D8-304B50ACA51F}.Release|Any CPU.ActiveCfg = Release|Any CPU
		{2D5E9F52-6D4D-4F38-A6D8-304B50ACA51F}.Release|Any CPU.Build.0 = Release|Any CPU
		{52D02D43-31C0-4804-ACB3-467EA36C6B79}.Debug|Any CPU.ActiveCfg = Debug|Any CPU
		{52D02D43-31C0-4804-ACB3-467EA36C6B79}.Debug|Any CPU.Build.0 = Debug|Any CPU
		{52D02D43-31C0-4804-ACB3-467EA36C6B79}.Release|Any CPU.ActiveCfg = Release|Any CPU
		{52D02D43-31C0-4804-ACB3-467EA36C6B79}.Release|Any CPU.Build.0 = Release|Any CPU
		{198F520C-DB28-489B-B01F-7561C5511A96}.Debug|Any CPU.ActiveCfg = Debug|Any CPU
		{198F520C-DB28-489B-B01F-7561C5511A96}.Debug|Any CPU.Build.0 = Debug|Any CPU
		{198F520C-DB28-489B-B01F-7561C5511A96}.Release|Any CPU.ActiveCfg = Release|Any CPU
		{198F520C-DB28-489B-B01F-7561C5511A96}.Release|Any CPU.Build.0 = Release|Any CPU
	EndGlobalSection
	GlobalSection(SolutionProperties) = preSolution
		HideSolutionNode = FALSE
	EndGlobalSection
EndGlobal
