
Microsoft Visual Studio Solution File, Format Version 12.00
# Visual Studio 2013
VisualStudioVersion = 12.0.31101.0
MinimumVisualStudioVersion = 10.0.40219.1
Project("{FAE04EC0-301F-11D3-BF4B-00C04F79EFBC}") = "TicTacToe", "TicTacToe\TicTacToe.csproj", "{D35C0529-2106-4799-8593-6F0093D3DB40}"
EndProject
Project("{FAE04EC0-301F-11D3-BF4B-00C04F79EFBC}") = "SevenQueensProblem", "SevenQueensProblem\SevenQueensProblem.csproj", "{33BB8293-70DB-4E8F-BEAB-434E8F3E6921}"
EndProject
Project("{FAE04EC0-301F-11D3-BF4B-00C04F79EFBC}") = "GraphColoring", "GraphColoring\GraphColoring.csproj", "{5E936129-E35E-4BBA-AE2A-97AF11695FC1}"
EndProject
Project("{FAE04EC0-301F-11D3-BF4B-00C04F79EFBC}") = "KinightsTour", "KinightsTour\KinightsTour.csproj", "{F3211BC4-6284-4DFF-89E3-38FC3CAE2522}"
EndProject
Project("{FAE04EC0-301F-11D3-BF4B-00C04F79EFBC}") = "KnapsackProblem", "KnapsackProblem\KnapsackProblem.csproj", "{B9C968F1-F51D-4A29-BADC-B97C51EFAE12}"
EndProject
Project("{FAE04EC0-301F-11D3-BF4B-00C04F79EFBC}") = "LongestPathProblem", "LongestPathProblem\LongestPathProblem.csproj", "{CC32B4CD-160A-469D-B3AD-569B76B96F8E}"
EndProject
Project("{FAE04EC0-301F-11D3-BF4B-00C04F79EFBC}") = "LetterTranslation", "LetterTranslation\LetterTranslation.csproj", "{99A86101-9163-4F48-81BC-39F9DD918BBC}"
EndProject
Project("{FAE04EC0-301F-11D3-BF4B-00C04F79EFBC}") = "SchoolSchedule", "SchoolSchedule\SchoolSchedule.csproj", "{45EF91F4-3359-4D8B-A025-FCC988914B8B}"
EndProject
Project("{FAE04EC0-301F-11D3-BF4B-00C04F79EFBC}") = "BooleanSatisfiability", "BooleanSatisfiability\BooleanSatisfiability.csproj", "{CE47E8DD-CF91-452B-B371-1B22827AB73E}"
EndProject
Project("{FAE04EC0-301F-11D3-BF4B-00C04F79EFBC}") = "Examples", "Examples\Examples.csproj", "{C6F83521-EFE4-4EF9-A8F5-79EAEFFB6EFB}"
EndProject
Global
	GlobalSection(SolutionConfigurationPlatforms) = preSolution
		Debug|Any CPU = Debug|Any CPU
		Release|Any CPU = Release|Any CPU
	EndGlobalSection
	GlobalSection(ProjectConfigurationPlatforms) = postSolution
		{D35C0529-2106-4799-8593-6F0093D3DB40}.Debug|Any CPU.ActiveCfg = Debug|Any CPU
		{D35C0529-2106-4799-8593-6F0093D3DB40}.Debug|Any CPU.Build.0 = Debug|Any CPU
		{D35C0529-2106-4799-8593-6F0093D3DB40}.Release|Any CPU.ActiveCfg = Release|Any CPU
		{D35C0529-2106-4799-8593-6F0093D3DB40}.Release|Any CPU.Build.0 = Release|Any CPU
		{33BB8293-70DB-4E8F-BEAB-434E8F3E6921}.Debug|Any CPU.ActiveCfg = Debug|Any CPU
		{33BB8293-70DB-4E8F-BEAB-434E8F3E6921}.Debug|Any CPU.Build.0 = Debug|Any CPU
		{33BB8293-70DB-4E8F-BEAB-434E8F3E6921}.Release|Any CPU.ActiveCfg = Release|Any CPU
		{33BB8293-70DB-4E8F-BEAB-434E8F3E6921}.Release|Any CPU.Build.0 = Release|Any CPU
		{5E936129-E35E-4BBA-AE2A-97AF11695FC1}.Debug|Any CPU.ActiveCfg = Debug|Any CPU
		{5E936129-E35E-4BBA-AE2A-97AF11695FC1}.Debug|Any CPU.Build.0 = Debug|Any CPU
		{5E936129-E35E-4BBA-AE2A-97AF11695FC1}.Release|Any CPU.ActiveCfg = Release|Any CPU
		{5E936129-E35E-4BBA-AE2A-97AF11695FC1}.Release|Any CPU.Build.0 = Release|Any CPU
		{F3211BC4-6284-4DFF-89E3-38FC3CAE2522}.Debug|Any CPU.ActiveCfg = Debug|Any CPU
		{F3211BC4-6284-4DFF-89E3-38FC3CAE2522}.Debug|Any CPU.Build.0 = Debug|Any CPU
		{F3211BC4-6284-4DFF-89E3-38FC3CAE2522}.Release|Any CPU.ActiveCfg = Release|Any CPU
		{F3211BC4-6284-4DFF-89E3-38FC3CAE2522}.Release|Any CPU.Build.0 = Release|Any CPU
		{B9C968F1-F51D-4A29-BADC-B97C51EFAE12}.Debug|Any CPU.ActiveCfg = Debug|Any CPU
		{B9C968F1-F51D-4A29-BADC-B97C51EFAE12}.Debug|Any CPU.Build.0 = Debug|Any CPU
		{B9C968F1-F51D-4A29-BADC-B97C51EFAE12}.Release|Any CPU.ActiveCfg = Release|Any CPU
		{B9C968F1-F51D-4A29-BADC-B97C51EFAE12}.Release|Any CPU.Build.0 = Release|Any CPU
		{CC32B4CD-160A-469D-B3AD-569B76B96F8E}.Debug|Any CPU.ActiveCfg = Debug|Any CPU
		{CC32B4CD-160A-469D-B3AD-569B76B96F8E}.Debug|Any CPU.Build.0 = Debug|Any CPU
		{CC32B4CD-160A-469D-B3AD-569B76B96F8E}.Release|Any CPU.ActiveCfg = Release|Any CPU
		{CC32B4CD-160A-469D-B3AD-569B76B96F8E}.Release|Any CPU.Build.0 = Release|Any CPU
		{99A86101-9163-4F48-81BC-39F9DD918BBC}.Debug|Any CPU.ActiveCfg = Debug|Any CPU
		{99A86101-9163-4F48-81BC-39F9DD918BBC}.Debug|Any CPU.Build.0 = Debug|Any CPU
		{99A86101-9163-4F48-81BC-39F9DD918BBC}.Release|Any CPU.ActiveCfg = Release|Any CPU
		{99A86101-9163-4F48-81BC-39F9DD918BBC}.Release|Any CPU.Build.0 = Release|Any CPU
		{45EF91F4-3359-4D8B-A025-FCC988914B8B}.Debug|Any CPU.ActiveCfg = Debug|Any CPU
		{45EF91F4-3359-4D8B-A025-FCC988914B8B}.Debug|Any CPU.Build.0 = Debug|Any CPU
		{45EF91F4-3359-4D8B-A025-FCC988914B8B}.Release|Any CPU.ActiveCfg = Release|Any CPU
		{45EF91F4-3359-4D8B-A025-FCC988914B8B}.Release|Any CPU.Build.0 = Release|Any CPU
		{CE47E8DD-CF91-452B-B371-1B22827AB73E}.Debug|Any CPU.ActiveCfg = Debug|Any CPU
		{CE47E8DD-CF91-452B-B371-1B22827AB73E}.Debug|Any CPU.Build.0 = Debug|Any CPU
		{CE47E8DD-CF91-452B-B371-1B22827AB73E}.Release|Any CPU.ActiveCfg = Release|Any CPU
		{CE47E8DD-CF91-452B-B371-1B22827AB73E}.Release|Any CPU.Build.0 = Release|Any CPU
		{C6F83521-EFE4-4EF9-A8F5-79EAEFFB6EFB}.Debug|Any CPU.ActiveCfg = Debug|Any CPU
		{C6F83521-EFE4-4EF9-A8F5-79EAEFFB6EFB}.Debug|Any CPU.Build.0 = Debug|Any CPU
		{C6F83521-EFE4-4EF9-A8F5-79EAEFFB6EFB}.Release|Any CPU.ActiveCfg = Release|Any CPU
		{C6F83521-EFE4-4EF9-A8F5-79EAEFFB6EFB}.Release|Any CPU.Build.0 = Release|Any CPU
	EndGlobalSection
	GlobalSection(SolutionProperties) = preSolution
		HideSolutionNode = FALSE
	EndGlobalSection
EndGlobal
