
Microsoft Visual Studio Solution File, Format Version 12.00
# Visual Studio 2012
Project("{FAE04EC0-301F-11D3-BF4B-00C04F79EFBC}") = "MinAndMaxElement", "MinAndMaxElement\MinAndMaxElement.csproj", "{D35340AF-9B9E-49D4-9518-A7A8D0B24D8C}"
EndProject
Project("{FAE04EC0-301F-11D3-BF4B-00C04F79EFBC}") = "Majorant1", "Majorant1\Majorant1.csproj", "{9070F989-1434-4CCE-9513-0CBB7279A199}"
EndProject
Project("{FAE04EC0-301F-11D3-BF4B-00C04F79EFBC}") = "Majorant2", "Majorant2\Majorant2.csproj", "{3141BF4F-50C3-47B7-9038-B1E823FBCFBF}"
EndProject
Project("{FAE04EC0-301F-11D3-BF4B-00C04F79EFBC}") = "Majorant3", "Majorant3\Majorant3.csproj", "{872806FD-13B6-4329-A948-617AC4DD2154}"
EndProject
Project("{FAE04EC0-301F-11D3-BF4B-00C04F79EFBC}") = "Majorant4", "Majorant4\Majorant4.csproj", "{0049030A-BF53-41AE-B4C2-E43B8A7C4673}"
EndProject
Project("{FAE04EC0-301F-11D3-BF4B-00C04F79EFBC}") = "Majorant5", "Majorant5\Majorant5.csproj", "{1CDAAAF6-C290-4D13-A6C3-430E1F45C161}"
EndProject
Project("{FAE04EC0-301F-11D3-BF4B-00C04F79EFBC}") = "Majorant6", "Majorant6\Majorant6.csproj", "{43A32C80-8762-4F1E-B467-C6CF055D85E6}"
EndProject
Project("{FAE04EC0-301F-11D3-BF4B-00C04F79EFBC}") = "Majorant7", "Majorant7\Majorant7.csproj", "{51645446-2B27-42D4-B569-59A0BC3AE1BF}"
EndProject
Project("{FAE04EC0-301F-11D3-BF4B-00C04F79EFBC}") = "Majorant8", "Majorant8\Majorant8.csproj", "{C98BA3A5-1538-435F-BEBB-4EC521476DBB}"
EndProject
Project("{FAE04EC0-301F-11D3-BF4B-00C04F79EFBC}") = "Majorant9", "Majorant9\Majorant9.csproj", "{E75DCC6B-02EA-4161-8070-5A5FA7A7A67E}"
EndProject
Project("{FAE04EC0-301F-11D3-BF4B-00C04F79EFBC}") = "Majorant10", "Majorant10\Majorant10.csproj", "{75DAD6C7-CC45-4F91-917A-8B4AA0E08871}"
EndProject
Project("{FAE04EC0-301F-11D3-BF4B-00C04F79EFBC}") = "Majorant11", "Majorant11\Majorant11.csproj", "{77C54D48-EBF2-4165-81CF-7E14F8B31687}"
EndProject
Project("{FAE04EC0-301F-11D3-BF4B-00C04F79EFBC}") = "Majorant12FindWithStack", "Majorant12FindWithStack\Majorant12FindWithStack.csproj", "{43DB703A-ED03-4696-9755-D6DCFD79181A}"
EndProject
Project("{FAE04EC0-301F-11D3-BF4B-00C04F79EFBC}") = "Majorant13", "Majorant13\Majorant13.csproj", "{081A2EA7-F49A-4824-821B-B4C250E309F4}"
EndProject
Project("{FAE04EC0-301F-11D3-BF4B-00C04F79EFBC}") = "MergingSortedArrays", "MergingSortedArrays\MergingSortedArrays.csproj", "{2ECC2F2D-B0BE-4213-9092-922C872CE4F3}"
EndProject
Project("{FAE04EC0-301F-11D3-BF4B-00C04F79EFBC}") = "FastPow", "FastPow\FastPow.csproj", "{DB63AB82-CBA6-4AA5-B1D9-FDBF2F6902A3}"
EndProject
Project("{FAE04EC0-301F-11D3-BF4B-00C04F79EFBC}") = "SolveHanoyTowers", "SolveHanoyTowers\SolveHanoyTowers.csproj", "{6CD8265A-1179-41E4-B2CB-A204348610BE}"
EndProject
Project("{FAE04EC0-301F-11D3-BF4B-00C04F79EFBC}") = "Shift1", "Shift1\Shift1.csproj", "{B0804EFF-C924-4823-B018-97E17C2D9993}"
EndProject
Project("{FAE04EC0-301F-11D3-BF4B-00C04F79EFBC}") = "Shift2", "Shift2\Shift2.csproj", "{A076D3A8-D881-4D04-AE26-1F47FC433CDB}"
EndProject
Project("{FAE04EC0-301F-11D3-BF4B-00C04F79EFBC}") = "Shift3", "Shift3\Shift3.csproj", "{004874A3-3446-4ED7-9B6B-3D1463059718}"
EndProject
Project("{FAE04EC0-301F-11D3-BF4B-00C04F79EFBC}") = "TournamentForAllNums", "TournamentForAllNums\TournamentForAllNums.csproj", "{DB69F6B9-FC8B-457E-B98C-DB28320F196A}"
EndProject
Project("{FAE04EC0-301F-11D3-BF4B-00C04F79EFBC}") = "Tournament3", "Tournament3\Tournament3.csproj", "{E17295C4-0270-4663-AB92-6860AF843F9F}"
EndProject
Project("{FAE04EC0-301F-11D3-BF4B-00C04F79EFBC}") = "MergeSorter", "MergeSorter\MergeSorter.csproj", "{C08027A7-8E23-406C-AB44-E65BCCB65EEC}"
EndProject
Project("{FAE04EC0-301F-11D3-BF4B-00C04F79EFBC}") = "MergeSortLinkedList", "MergeSortLinkedList\MergeSortLinkedList.csproj", "{99F8CDD2-42ED-4576-915E-36BBE028CD80}"
EndProject
Project("{FAE04EC0-301F-11D3-BF4B-00C04F79EFBC}") = "MergesortLinkedListDoubleStep", "MergesortLinkedListDoubleStep\MergesortLinkedListDoubleStep.csproj", "{1CD5673B-45A3-4CCA-924F-27700CE16636}"
EndProject
Project("{FAE04EC0-301F-11D3-BF4B-00C04F79EFBC}") = "MergeSortIterative", "MergeSortIterative\MergeSortIterative.csproj", "{42288BE1-E288-4840-8CD4-BE69CA45C0A6}"
EndProject
Project("{FAE04EC0-301F-11D3-BF4B-00C04F79EFBC}") = "BinaryMerge", "BinaryMerger\BinaryMerge.csproj", "{E9768E23-FCDB-4140-8DA5-FB6031A17E71}"
EndProject
Project("{FAE04EC0-301F-11D3-BF4B-00C04F79EFBC}") = "FindKthBiggestElement", "FindKthBiggestElement\FindKthBiggestElement.csproj", "{350D3D0F-56F7-4AD8-9161-AFF1219796E7}"
EndProject
Project("{FAE04EC0-301F-11D3-BF4B-00C04F79EFBC}") = "FindKthMiddleElement", "FindKthMiddleElement\FindKthMiddleElement.csproj", "{5EFCC0A4-E5D1-44C1-ACCF-1C8F7F29C1E8}"
EndProject
Project("{FAE04EC0-301F-11D3-BF4B-00C04F79EFBC}") = "FindKthMiddleElement2", "FindKthMiddleElement2\FindKthMiddleElement2.csproj", "{77BF6090-231B-49F0-8DCE-977CE1FF265D}"
EndProject
Project("{FAE04EC0-301F-11D3-BF4B-00C04F79EFBC}") = "TournamentPowerOf2", "TournamentPowerOf2\TournamentPowerOf2.csproj", "{551336DA-56F7-428B-AE0F-6BB60BD3065F}"
EndProject
Global
	GlobalSection(SolutionConfigurationPlatforms) = preSolution
		Debug|Any CPU = Debug|Any CPU
		Release|Any CPU = Release|Any CPU
	EndGlobalSection
	GlobalSection(ProjectConfigurationPlatforms) = postSolution
		{D35340AF-9B9E-49D4-9518-A7A8D0B24D8C}.Debug|Any CPU.ActiveCfg = Debug|Any CPU
		{D35340AF-9B9E-49D4-9518-A7A8D0B24D8C}.Debug|Any CPU.Build.0 = Debug|Any CPU
		{D35340AF-9B9E-49D4-9518-A7A8D0B24D8C}.Release|Any CPU.ActiveCfg = Release|Any CPU
		{D35340AF-9B9E-49D4-9518-A7A8D0B24D8C}.Release|Any CPU.Build.0 = Release|Any CPU
		{9070F989-1434-4CCE-9513-0CBB7279A199}.Debug|Any CPU.ActiveCfg = Debug|Any CPU
		{9070F989-1434-4CCE-9513-0CBB7279A199}.Debug|Any CPU.Build.0 = Debug|Any CPU
		{9070F989-1434-4CCE-9513-0CBB7279A199}.Release|Any CPU.ActiveCfg = Release|Any CPU
		{9070F989-1434-4CCE-9513-0CBB7279A199}.Release|Any CPU.Build.0 = Release|Any CPU
		{3141BF4F-50C3-47B7-9038-B1E823FBCFBF}.Debug|Any CPU.ActiveCfg = Debug|Any CPU
		{3141BF4F-50C3-47B7-9038-B1E823FBCFBF}.Debug|Any CPU.Build.0 = Debug|Any CPU
		{3141BF4F-50C3-47B7-9038-B1E823FBCFBF}.Release|Any CPU.ActiveCfg = Release|Any CPU
		{3141BF4F-50C3-47B7-9038-B1E823FBCFBF}.Release|Any CPU.Build.0 = Release|Any CPU
		{872806FD-13B6-4329-A948-617AC4DD2154}.Debug|Any CPU.ActiveCfg = Debug|Any CPU
		{872806FD-13B6-4329-A948-617AC4DD2154}.Debug|Any CPU.Build.0 = Debug|Any CPU
		{872806FD-13B6-4329-A948-617AC4DD2154}.Release|Any CPU.ActiveCfg = Release|Any CPU
		{872806FD-13B6-4329-A948-617AC4DD2154}.Release|Any CPU.Build.0 = Release|Any CPU
		{0049030A-BF53-41AE-B4C2-E43B8A7C4673}.Debug|Any CPU.ActiveCfg = Debug|Any CPU
		{0049030A-BF53-41AE-B4C2-E43B8A7C4673}.Debug|Any CPU.Build.0 = Debug|Any CPU
		{0049030A-BF53-41AE-B4C2-E43B8A7C4673}.Release|Any CPU.ActiveCfg = Release|Any CPU
		{0049030A-BF53-41AE-B4C2-E43B8A7C4673}.Release|Any CPU.Build.0 = Release|Any CPU
		{1CDAAAF6-C290-4D13-A6C3-430E1F45C161}.Debug|Any CPU.ActiveCfg = Debug|Any CPU
		{1CDAAAF6-C290-4D13-A6C3-430E1F45C161}.Debug|Any CPU.Build.0 = Debug|Any CPU
		{1CDAAAF6-C290-4D13-A6C3-430E1F45C161}.Release|Any CPU.ActiveCfg = Release|Any CPU
		{1CDAAAF6-C290-4D13-A6C3-430E1F45C161}.Release|Any CPU.Build.0 = Release|Any CPU
		{43A32C80-8762-4F1E-B467-C6CF055D85E6}.Debug|Any CPU.ActiveCfg = Debug|Any CPU
		{43A32C80-8762-4F1E-B467-C6CF055D85E6}.Debug|Any CPU.Build.0 = Debug|Any CPU
		{43A32C80-8762-4F1E-B467-C6CF055D85E6}.Release|Any CPU.ActiveCfg = Release|Any CPU
		{43A32C80-8762-4F1E-B467-C6CF055D85E6}.Release|Any CPU.Build.0 = Release|Any CPU
		{51645446-2B27-42D4-B569-59A0BC3AE1BF}.Debug|Any CPU.ActiveCfg = Debug|Any CPU
		{51645446-2B27-42D4-B569-59A0BC3AE1BF}.Debug|Any CPU.Build.0 = Debug|Any CPU
		{51645446-2B27-42D4-B569-59A0BC3AE1BF}.Release|Any CPU.ActiveCfg = Release|Any CPU
		{51645446-2B27-42D4-B569-59A0BC3AE1BF}.Release|Any CPU.Build.0 = Release|Any CPU
		{C98BA3A5-1538-435F-BEBB-4EC521476DBB}.Debug|Any CPU.ActiveCfg = Debug|Any CPU
		{C98BA3A5-1538-435F-BEBB-4EC521476DBB}.Debug|Any CPU.Build.0 = Debug|Any CPU
		{C98BA3A5-1538-435F-BEBB-4EC521476DBB}.Release|Any CPU.ActiveCfg = Release|Any CPU
		{C98BA3A5-1538-435F-BEBB-4EC521476DBB}.Release|Any CPU.Build.0 = Release|Any CPU
		{E75DCC6B-02EA-4161-8070-5A5FA7A7A67E}.Debug|Any CPU.ActiveCfg = Debug|Any CPU
		{E75DCC6B-02EA-4161-8070-5A5FA7A7A67E}.Debug|Any CPU.Build.0 = Debug|Any CPU
		{E75DCC6B-02EA-4161-8070-5A5FA7A7A67E}.Release|Any CPU.ActiveCfg = Release|Any CPU
		{E75DCC6B-02EA-4161-8070-5A5FA7A7A67E}.Release|Any CPU.Build.0 = Release|Any CPU
		{75DAD6C7-CC45-4F91-917A-8B4AA0E08871}.Debug|Any CPU.ActiveCfg = Debug|Any CPU
		{75DAD6C7-CC45-4F91-917A-8B4AA0E08871}.Debug|Any CPU.Build.0 = Debug|Any CPU
		{75DAD6C7-CC45-4F91-917A-8B4AA0E08871}.Release|Any CPU.ActiveCfg = Release|Any CPU
		{75DAD6C7-CC45-4F91-917A-8B4AA0E08871}.Release|Any CPU.Build.0 = Release|Any CPU
		{77C54D48-EBF2-4165-81CF-7E14F8B31687}.Debug|Any CPU.ActiveCfg = Debug|Any CPU
		{77C54D48-EBF2-4165-81CF-7E14F8B31687}.Debug|Any CPU.Build.0 = Debug|Any CPU
		{77C54D48-EBF2-4165-81CF-7E14F8B31687}.Release|Any CPU.ActiveCfg = Release|Any CPU
		{77C54D48-EBF2-4165-81CF-7E14F8B31687}.Release|Any CPU.Build.0 = Release|Any CPU
		{43DB703A-ED03-4696-9755-D6DCFD79181A}.Debug|Any CPU.ActiveCfg = Debug|Any CPU
		{43DB703A-ED03-4696-9755-D6DCFD79181A}.Debug|Any CPU.Build.0 = Debug|Any CPU
		{43DB703A-ED03-4696-9755-D6DCFD79181A}.Release|Any CPU.ActiveCfg = Release|Any CPU
		{43DB703A-ED03-4696-9755-D6DCFD79181A}.Release|Any CPU.Build.0 = Release|Any CPU
		{081A2EA7-F49A-4824-821B-B4C250E309F4}.Debug|Any CPU.ActiveCfg = Debug|Any CPU
		{081A2EA7-F49A-4824-821B-B4C250E309F4}.Debug|Any CPU.Build.0 = Debug|Any CPU
		{081A2EA7-F49A-4824-821B-B4C250E309F4}.Release|Any CPU.ActiveCfg = Release|Any CPU
		{081A2EA7-F49A-4824-821B-B4C250E309F4}.Release|Any CPU.Build.0 = Release|Any CPU
		{2ECC2F2D-B0BE-4213-9092-922C872CE4F3}.Debug|Any CPU.ActiveCfg = Debug|Any CPU
		{2ECC2F2D-B0BE-4213-9092-922C872CE4F3}.Debug|Any CPU.Build.0 = Debug|Any CPU
		{2ECC2F2D-B0BE-4213-9092-922C872CE4F3}.Release|Any CPU.ActiveCfg = Release|Any CPU
		{2ECC2F2D-B0BE-4213-9092-922C872CE4F3}.Release|Any CPU.Build.0 = Release|Any CPU
		{DB63AB82-CBA6-4AA5-B1D9-FDBF2F6902A3}.Debug|Any CPU.ActiveCfg = Debug|Any CPU
		{DB63AB82-CBA6-4AA5-B1D9-FDBF2F6902A3}.Debug|Any CPU.Build.0 = Debug|Any CPU
		{DB63AB82-CBA6-4AA5-B1D9-FDBF2F6902A3}.Release|Any CPU.ActiveCfg = Release|Any CPU
		{DB63AB82-CBA6-4AA5-B1D9-FDBF2F6902A3}.Release|Any CPU.Build.0 = Release|Any CPU
		{6CD8265A-1179-41E4-B2CB-A204348610BE}.Debug|Any CPU.ActiveCfg = Debug|Any CPU
		{6CD8265A-1179-41E4-B2CB-A204348610BE}.Debug|Any CPU.Build.0 = Debug|Any CPU
		{6CD8265A-1179-41E4-B2CB-A204348610BE}.Release|Any CPU.ActiveCfg = Release|Any CPU
		{6CD8265A-1179-41E4-B2CB-A204348610BE}.Release|Any CPU.Build.0 = Release|Any CPU
		{B0804EFF-C924-4823-B018-97E17C2D9993}.Debug|Any CPU.ActiveCfg = Debug|Any CPU
		{B0804EFF-C924-4823-B018-97E17C2D9993}.Debug|Any CPU.Build.0 = Debug|Any CPU
		{B0804EFF-C924-4823-B018-97E17C2D9993}.Release|Any CPU.ActiveCfg = Release|Any CPU
		{B0804EFF-C924-4823-B018-97E17C2D9993}.Release|Any CPU.Build.0 = Release|Any CPU
		{A076D3A8-D881-4D04-AE26-1F47FC433CDB}.Debug|Any CPU.ActiveCfg = Debug|Any CPU
		{A076D3A8-D881-4D04-AE26-1F47FC433CDB}.Debug|Any CPU.Build.0 = Debug|Any CPU
		{A076D3A8-D881-4D04-AE26-1F47FC433CDB}.Release|Any CPU.ActiveCfg = Release|Any CPU
		{A076D3A8-D881-4D04-AE26-1F47FC433CDB}.Release|Any CPU.Build.0 = Release|Any CPU
		{004874A3-3446-4ED7-9B6B-3D1463059718}.Debug|Any CPU.ActiveCfg = Debug|Any CPU
		{004874A3-3446-4ED7-9B6B-3D1463059718}.Debug|Any CPU.Build.0 = Debug|Any CPU
		{004874A3-3446-4ED7-9B6B-3D1463059718}.Release|Any CPU.ActiveCfg = Release|Any CPU
		{004874A3-3446-4ED7-9B6B-3D1463059718}.Release|Any CPU.Build.0 = Release|Any CPU
		{DB69F6B9-FC8B-457E-B98C-DB28320F196A}.Debug|Any CPU.ActiveCfg = Debug|Any CPU
		{DB69F6B9-FC8B-457E-B98C-DB28320F196A}.Debug|Any CPU.Build.0 = Debug|Any CPU
		{DB69F6B9-FC8B-457E-B98C-DB28320F196A}.Release|Any CPU.ActiveCfg = Release|Any CPU
		{DB69F6B9-FC8B-457E-B98C-DB28320F196A}.Release|Any CPU.Build.0 = Release|Any CPU
		{E17295C4-0270-4663-AB92-6860AF843F9F}.Debug|Any CPU.ActiveCfg = Debug|Any CPU
		{E17295C4-0270-4663-AB92-6860AF843F9F}.Debug|Any CPU.Build.0 = Debug|Any CPU
		{E17295C4-0270-4663-AB92-6860AF843F9F}.Release|Any CPU.ActiveCfg = Release|Any CPU
		{E17295C4-0270-4663-AB92-6860AF843F9F}.Release|Any CPU.Build.0 = Release|Any CPU
		{C08027A7-8E23-406C-AB44-E65BCCB65EEC}.Debug|Any CPU.ActiveCfg = Debug|Any CPU
		{C08027A7-8E23-406C-AB44-E65BCCB65EEC}.Debug|Any CPU.Build.0 = Debug|Any CPU
		{C08027A7-8E23-406C-AB44-E65BCCB65EEC}.Release|Any CPU.ActiveCfg = Release|Any CPU
		{C08027A7-8E23-406C-AB44-E65BCCB65EEC}.Release|Any CPU.Build.0 = Release|Any CPU
		{99F8CDD2-42ED-4576-915E-36BBE028CD80}.Debug|Any CPU.ActiveCfg = Debug|Any CPU
		{99F8CDD2-42ED-4576-915E-36BBE028CD80}.Debug|Any CPU.Build.0 = Debug|Any CPU
		{99F8CDD2-42ED-4576-915E-36BBE028CD80}.Release|Any CPU.ActiveCfg = Release|Any CPU
		{99F8CDD2-42ED-4576-915E-36BBE028CD80}.Release|Any CPU.Build.0 = Release|Any CPU
		{1CD5673B-45A3-4CCA-924F-27700CE16636}.Debug|Any CPU.ActiveCfg = Debug|Any CPU
		{1CD5673B-45A3-4CCA-924F-27700CE16636}.Debug|Any CPU.Build.0 = Debug|Any CPU
		{1CD5673B-45A3-4CCA-924F-27700CE16636}.Release|Any CPU.ActiveCfg = Release|Any CPU
		{1CD5673B-45A3-4CCA-924F-27700CE16636}.Release|Any CPU.Build.0 = Release|Any CPU
		{42288BE1-E288-4840-8CD4-BE69CA45C0A6}.Debug|Any CPU.ActiveCfg = Debug|Any CPU
		{42288BE1-E288-4840-8CD4-BE69CA45C0A6}.Debug|Any CPU.Build.0 = Debug|Any CPU
		{42288BE1-E288-4840-8CD4-BE69CA45C0A6}.Release|Any CPU.ActiveCfg = Release|Any CPU
		{42288BE1-E288-4840-8CD4-BE69CA45C0A6}.Release|Any CPU.Build.0 = Release|Any CPU
		{E9768E23-FCDB-4140-8DA5-FB6031A17E71}.Debug|Any CPU.ActiveCfg = Debug|Any CPU
		{E9768E23-FCDB-4140-8DA5-FB6031A17E71}.Debug|Any CPU.Build.0 = Debug|Any CPU
		{E9768E23-FCDB-4140-8DA5-FB6031A17E71}.Release|Any CPU.ActiveCfg = Release|Any CPU
		{E9768E23-FCDB-4140-8DA5-FB6031A17E71}.Release|Any CPU.Build.0 = Release|Any CPU
		{350D3D0F-56F7-4AD8-9161-AFF1219796E7}.Debug|Any CPU.ActiveCfg = Debug|Any CPU
		{350D3D0F-56F7-4AD8-9161-AFF1219796E7}.Debug|Any CPU.Build.0 = Debug|Any CPU
		{350D3D0F-56F7-4AD8-9161-AFF1219796E7}.Release|Any CPU.ActiveCfg = Release|Any CPU
		{350D3D0F-56F7-4AD8-9161-AFF1219796E7}.Release|Any CPU.Build.0 = Release|Any CPU
		{5EFCC0A4-E5D1-44C1-ACCF-1C8F7F29C1E8}.Debug|Any CPU.ActiveCfg = Debug|Any CPU
		{5EFCC0A4-E5D1-44C1-ACCF-1C8F7F29C1E8}.Debug|Any CPU.Build.0 = Debug|Any CPU
		{5EFCC0A4-E5D1-44C1-ACCF-1C8F7F29C1E8}.Release|Any CPU.ActiveCfg = Release|Any CPU
		{5EFCC0A4-E5D1-44C1-ACCF-1C8F7F29C1E8}.Release|Any CPU.Build.0 = Release|Any CPU
		{77BF6090-231B-49F0-8DCE-977CE1FF265D}.Debug|Any CPU.ActiveCfg = Debug|Any CPU
		{77BF6090-231B-49F0-8DCE-977CE1FF265D}.Debug|Any CPU.Build.0 = Debug|Any CPU
		{77BF6090-231B-49F0-8DCE-977CE1FF265D}.Release|Any CPU.ActiveCfg = Release|Any CPU
		{77BF6090-231B-49F0-8DCE-977CE1FF265D}.Release|Any CPU.Build.0 = Release|Any CPU
		{551336DA-56F7-428B-AE0F-6BB60BD3065F}.Debug|Any CPU.ActiveCfg = Debug|Any CPU
		{551336DA-56F7-428B-AE0F-6BB60BD3065F}.Debug|Any CPU.Build.0 = Debug|Any CPU
		{551336DA-56F7-428B-AE0F-6BB60BD3065F}.Release|Any CPU.ActiveCfg = Release|Any CPU
		{551336DA-56F7-428B-AE0F-6BB60BD3065F}.Release|Any CPU.Build.0 = Release|Any CPU
	EndGlobalSection
	GlobalSection(SolutionProperties) = preSolution
		HideSolutionNode = FALSE
	EndGlobalSection
EndGlobal
