
Microsoft Visual Studio Solution File, Format Version 12.00
# Visual Studio 2012
Project("{FAE04EC0-301F-11D3-BF4B-00C04F79EFBC}") = "CountSorter", "CountSort\CountSorter.csproj", "{4F38C452-E31A-4954-A19D-1C2C73B8ED80}"
EndProject
Project("{FAE04EC0-301F-11D3-BF4B-00C04F79EFBC}") = "CountSorter2", "CountSorter2\CountSorter2.csproj", "{96EAD185-E54F-4BF7-A703-B117F2144466}"
EndProject
Project("{FAE04EC0-301F-11D3-BF4B-00C04F79EFBC}") = "CombSorter", "CombSort\CombSorter.csproj", "{CD66EF93-348F-4C5E-ACD3-269214FBA03A}"
EndProject
Project("{FAE04EC0-301F-11D3-BF4B-00C04F79EFBC}") = "HeapSort", "HeapSort\HeapSort.csproj", "{F2D04E7E-D6A6-4F18-8355-01BF0E87F625}"
EndProject
Global
	GlobalSection(SolutionConfigurationPlatforms) = preSolution
		Debug|Any CPU = Debug|Any CPU
		Release|Any CPU = Release|Any CPU
	EndGlobalSection
	GlobalSection(ProjectConfigurationPlatforms) = postSolution
		{4F38C452-E31A-4954-A19D-1C2C73B8ED80}.Debug|Any CPU.ActiveCfg = Debug|Any CPU
		{4F38C452-E31A-4954-A19D-1C2C73B8ED80}.Debug|Any CPU.Build.0 = Debug|Any CPU
		{4F38C452-E31A-4954-A19D-1C2C73B8ED80}.Release|Any CPU.ActiveCfg = Release|Any CPU
		{4F38C452-E31A-4954-A19D-1C2C73B8ED80}.Release|Any CPU.Build.0 = Release|Any CPU
		{96EAD185-E54F-4BF7-A703-B117F2144466}.Debug|Any CPU.ActiveCfg = Debug|Any CPU
		{96EAD185-E54F-4BF7-A703-B117F2144466}.Debug|Any CPU.Build.0 = Debug|Any CPU
		{96EAD185-E54F-4BF7-A703-B117F2144466}.Release|Any CPU.ActiveCfg = Release|Any CPU
		{96EAD185-E54F-4BF7-A703-B117F2144466}.Release|Any CPU.Build.0 = Release|Any CPU
		{CD66EF93-348F-4C5E-ACD3-269214FBA03A}.Debug|Any CPU.ActiveCfg = Debug|Any CPU
		{CD66EF93-348F-4C5E-ACD3-269214FBA03A}.Debug|Any CPU.Build.0 = Debug|Any CPU
		{CD66EF93-348F-4C5E-ACD3-269214FBA03A}.Release|Any CPU.ActiveCfg = Release|Any CPU
		{CD66EF93-348F-4C5E-ACD3-269214FBA03A}.Release|Any CPU.Build.0 = Release|Any CPU
		{F2D04E7E-D6A6-4F18-8355-01BF0E87F625}.Debug|Any CPU.ActiveCfg = Debug|Any CPU
		{F2D04E7E-D6A6-4F18-8355-01BF0E87F625}.Debug|Any CPU.Build.0 = Debug|Any CPU
		{F2D04E7E-D6A6-4F18-8355-01BF0E87F625}.Release|Any CPU.ActiveCfg = Release|Any CPU
		{F2D04E7E-D6A6-4F18-8355-01BF0E87F625}.Release|Any CPU.Build.0 = Release|Any CPU
	EndGlobalSection
	GlobalSection(SolutionProperties) = preSolution
		HideSolutionNode = FALSE
	EndGlobalSection
EndGlobal
